
Microsoft Visual Studio Solution File, Format Version 12.00
# Visual Studio Version 17
VisualStudioVersion = 17.0.31903.59
MinimumVisualStudioVersion = 10.0.40219.1
Project("{FAE04EC0-301F-11D3-BF4B-00C04F79EFBC}") = "testSemaphore", "testSemaphore\testSemaphore.csproj", "{BDB500CE-5422-4B1C-AFCC-08B3B7AE8997}"
EndProject
Global
	GlobalSection(SolutionConfigurationPlatforms) = preSolution
		Debug|Any CPU = Debug|Any CPU
		Release|Any CPU = Release|Any CPU
	EndGlobalSection
	GlobalSection(ProjectConfigurationPlatforms) = postSolution
		{BDB500CE-5422-4B1C-AFCC-08B3B7AE8997}.Debug|Any CPU.ActiveCfg = Debug|Any CPU
		{BDB500CE-5422-4B1C-AFCC-08B3B7AE8997}.Debug|Any CPU.Build.0 = Debug|Any CPU
		{BDB500CE-5422-4B1C-AFCC-08B3B7AE8997}.Release|Any CPU.ActiveCfg = Release|Any CPU
		{BDB500CE-5422-4B1C-AFCC-08B3B7AE8997}.Release|Any CPU.Build.0 = Release|Any CPU
	EndGlobalSection
	GlobalSection(SolutionProperties) = preSolution
		HideSolutionNode = FALSE
	EndGlobalSection
	GlobalSection(ExtensibilityGlobals) = postSolution
		SolutionGuid = {599091D1-FA12-4D7F-8B8F-F79B99E0A2C7}
	EndGlobalSection
EndGlobal
